// !$*UTF8*$!
{
	archiveVersion = 1;
	classes = {
	};
	objectVersion = 46;
	objects = {

/* Begin PBXBuildFile section */
		A82B74031B72B26800894121 /* apple-1.jpg in Resources */ = {isa = PBXBuildFile; fileRef = A82B73FF1B72B26800894121 /* apple-1.jpg */; };
		A82B74041B72B26800894121 /* carrots.jpg in Resources */ = {isa = PBXBuildFile; fileRef = A82B74001B72B26800894121 /* carrots.jpg */; };
		A82B74051B72B26800894121 /* cheeries.jpg in Resources */ = {isa = PBXBuildFile; fileRef = A82B74011B72B26800894121 /* cheeries.jpg */; };
		A82B74061B72B26800894121 /* orange.png in Resources */ = {isa = PBXBuildFile; fileRef = A82B74021B72B26800894121 /* orange.png */; };
		A8AD6B6A1B70EA2A0063A167 /* SpeechKit.framework in Frameworks */ = {isa = PBXBuildFile; fileRef = A8AD6B691B70EA2A0063A167 /* SpeechKit.framework */; };
		A8AD6B6E1B71026A0063A167 /* AudioToolbox.framework in Frameworks */ = {isa = PBXBuildFile; fileRef = A8AD6B6D1B71026A0063A167 /* AudioToolbox.framework */; };
		A8AD6B6F1B7102730063A167 /* CFNetwork.framework in Frameworks */ = {isa = PBXBuildFile; fileRef = A8AD6B6B1B71023E0063A167 /* CFNetwork.framework */; };
		A8AD6B711B7102820063A167 /* Security.framework in Frameworks */ = {isa = PBXBuildFile; fileRef = A8AD6B701B7102820063A167 /* Security.framework */; };
		A8AD6B731B7103750063A167 /* SystemConfiguration.framework in Frameworks */ = {isa = PBXBuildFile; fileRef = A8AD6B721B7103750063A167 /* SystemConfiguration.framework */; };
		A8AD6B781B71055C0063A167 /* earcon_cancel.wav in Resources */ = {isa = PBXBuildFile; fileRef = A8AD6B751B71055C0063A167 /* earcon_cancel.wav */; };
		A8AD6B791B71055C0063A167 /* earcon_done_listening.wav in Resources */ = {isa = PBXBuildFile; fileRef = A8AD6B761B71055C0063A167 /* earcon_done_listening.wav */; };
		A8AD6B7A1B71055C0063A167 /* earcon_listening.wav in Resources */ = {isa = PBXBuildFile; fileRef = A8AD6B771B71055C0063A167 /* earcon_listening.wav */; };
		A8AD6E001B688F4A00705480 /* main.m in Sources */ = {isa = PBXBuildFile; fileRef = A8AD6DFF1B688F4A00705480 /* main.m */; };
		A8AD6E031B688F4A00705480 /* AppDelegate.m in Sources */ = {isa = PBXBuildFile; fileRef = A8AD6E021B688F4A00705480 /* AppDelegate.m */; };
		A8AD6E061B688F4A00705480 /* ViewController.mm in Sources */ = {isa = PBXBuildFile; fileRef = A8AD6E051B688F4A00705480 /* ViewController.mm */; };
		A8AD6E091B688F4A00705480 /* Main.storyboard in Resources */ = {isa = PBXBuildFile; fileRef = A8AD6E071B688F4A00705480 /* Main.storyboard */; };
		A8AD6E0B1B688F4A00705480 /* Images.xcassets in Resources */ = {isa = PBXBuildFile; fileRef = A8AD6E0A1B688F4A00705480 /* Images.xcassets */; };
		A8AD6E0E1B688F4A00705480 /* LaunchScreen.xib in Resources */ = {isa = PBXBuildFile; fileRef = A8AD6E0C1B688F4A00705480 /* LaunchScreen.xib */; };
		A8AD6E241B692AC200705480 /* AVFoundation.framework in Frameworks */ = {isa = PBXBuildFile; fileRef = A8AD6E231B692AC200705480 /* AVFoundation.framework */; };
		A8AD6E271B6BC7B000705480 /* AbstractOCVViewController.m in Sources */ = {isa = PBXBuildFile; fileRef = A8AD6E261B6BC7B000705480 /* AbstractOCVViewController.m */; };
		A8AD6E291B6BC84500705480 /* smile.xml in Resources */ = {isa = PBXBuildFile; fileRef = A8AD6E281B6BC84500705480 /* smile.xml */; };
		A8AD6E2C1B6BC85800705480 /* OpenCVSample-Info.plist in Resources */ = {isa = PBXBuildFile; fileRef = A8AD6E2A1B6BC85800705480 /* OpenCVSample-Info.plist */; };
		A8AD6E321B6BCDA300705480 /* RMCharacter.bundle in Resources */ = {isa = PBXBuildFile; fileRef = A8AD6E2F1B6BCDA200705480 /* RMCharacter.bundle */; };
		A8AD6E331B6BCDA300705480 /* RMCharacter.framework in Frameworks */ = {isa = PBXBuildFile; fileRef = A8AD6E301B6BCDA300705480 /* RMCharacter.framework */; };
		A8AD6E341B6BCDA300705480 /* RMCore.framework in Frameworks */ = {isa = PBXBuildFile; fileRef = A8AD6E311B6BCDA300705480 /* RMCore.framework */; };
		A8AD6E361B6BD5B300705480 /* CoreMotion.framework in Frameworks */ = {isa = PBXBuildFile; fileRef = A8AD6E351B6BD5B300705480 /* CoreMotion.framework */; };
		A8AD6E381B6BD6E900705480 /* ExternalAccessory.framework in Frameworks */ = {isa = PBXBuildFile; fileRef = A8AD6E371B6BD6E900705480 /* ExternalAccessory.framework */; };
		A8AD6E3A1B6BDBB300705480 /* opencv2.framework in Frameworks */ = {isa = PBXBuildFile; fileRef = A8AD6E391B6BDBB300705480 /* opencv2.framework */; };
/* End PBXBuildFile section */

/* Begin PBXContainerItemProxy section */
		A8AD6E141B688F4A00705480 /* PBXContainerItemProxy */ = {
			isa = PBXContainerItemProxy;
			containerPortal = A8AD6DF21B688F4A00705480 /* Project object */;
			proxyType = 1;
			remoteGlobalIDString = A8AD6DF91B688F4A00705480;
			remoteInfo = StroopColorGame;
		};
/* End PBXContainerItemProxy section */

/* Begin PBXFileReference section */
		A82B73FF1B72B26800894121 /* apple-1.jpg */ = {isa = PBXFileReference; lastKnownFileType = image.jpeg; path = "apple-1.jpg"; sourceTree = "<group>"; };
		A82B74001B72B26800894121 /* carrots.jpg */ = {isa = PBXFileReference; lastKnownFileType = image.jpeg; path = carrots.jpg; sourceTree = "<group>"; };
		A82B74011B72B26800894121 /* cheeries.jpg */ = {isa = PBXFileReference; lastKnownFileType = image.jpeg; path = cheeries.jpg; sourceTree = "<group>"; };
		A82B74021B72B26800894121 /* orange.png */ = {isa = PBXFileReference; lastKnownFileType = image.png; path = orange.png; sourceTree = "<group>"; };
		A8AD6B691B70EA2A0063A167 /* SpeechKit.framework */ = {isa = PBXFileReference; lastKnownFileType = wrapper.framework; path = SpeechKit.framework; sourceTree = "<group>"; };
		A8AD6B6B1B71023E0063A167 /* CFNetwork.framework */ = {isa = PBXFileReference; lastKnownFileType = wrapper.framework; name = CFNetwork.framework; path = System/Library/Frameworks/CFNetwork.framework; sourceTree = SDKROOT; };
		A8AD6B6D1B71026A0063A167 /* AudioToolbox.framework */ = {isa = PBXFileReference; lastKnownFileType = wrapper.framework; name = AudioToolbox.framework; path = System/Library/Frameworks/AudioToolbox.framework; sourceTree = SDKROOT; };
		A8AD6B701B7102820063A167 /* Security.framework */ = {isa = PBXFileReference; lastKnownFileType = wrapper.framework; name = Security.framework; path = System/Library/Frameworks/Security.framework; sourceTree = SDKROOT; };
		A8AD6B721B7103750063A167 /* SystemConfiguration.framework */ = {isa = PBXFileReference; lastKnownFileType = wrapper.framework; name = SystemConfiguration.framework; path = System/Library/Frameworks/SystemConfiguration.framework; sourceTree = SDKROOT; };
		A8AD6B751B71055C0063A167 /* earcon_cancel.wav */ = {isa = PBXFileReference; lastKnownFileType = audio.wav; path = earcon_cancel.wav; sourceTree = "<group>"; };
		A8AD6B761B71055C0063A167 /* earcon_done_listening.wav */ = {isa = PBXFileReference; lastKnownFileType = audio.wav; path = earcon_done_listening.wav; sourceTree = "<group>"; };
		A8AD6B771B71055C0063A167 /* earcon_listening.wav */ = {isa = PBXFileReference; lastKnownFileType = audio.wav; path = earcon_listening.wav; sourceTree = "<group>"; };
		A8AD6DFA1B688F4A00705480 /* VisualRecall.app */ = {isa = PBXFileReference; explicitFileType = wrapper.application; includeInIndex = 0; path = VisualRecall.app; sourceTree = BUILT_PRODUCTS_DIR; };
		A8AD6DFE1B688F4A00705480 /* Info.plist */ = {isa = PBXFileReference; lastKnownFileType = text.plist.xml; path = Info.plist; sourceTree = "<group>"; };
		A8AD6DFF1B688F4A00705480 /* main.m */ = {isa = PBXFileReference; lastKnownFileType = sourcecode.c.objc; path = main.m; sourceTree = "<group>"; };
		A8AD6E011B688F4A00705480 /* AppDelegate.h */ = {isa = PBXFileReference; lastKnownFileType = sourcecode.c.h; path = AppDelegate.h; sourceTree = "<group>"; };
		A8AD6E021B688F4A00705480 /* AppDelegate.m */ = {isa = PBXFileReference; lastKnownFileType = sourcecode.c.objc; path = AppDelegate.m; sourceTree = "<group>"; };
		A8AD6E041B688F4A00705480 /* ViewController.h */ = {isa = PBXFileReference; lastKnownFileType = sourcecode.c.h; path = ViewController.h; sourceTree = "<group>"; };
		A8AD6E051B688F4A00705480 /* ViewController.mm */ = {isa = PBXFileReference; lastKnownFileType = sourcecode.cpp.objcpp; path = ViewController.mm; sourceTree = "<group>"; };
		A8AD6E081B688F4A00705480 /* Base */ = {isa = PBXFileReference; lastKnownFileType = file.storyboard; name = Base; path = Base.lproj/Main.storyboard; sourceTree = "<group>"; };
		A8AD6E0A1B688F4A00705480 /* Images.xcassets */ = {isa = PBXFileReference; lastKnownFileType = folder.assetcatalog; path = Images.xcassets; sourceTree = "<group>"; };
		A8AD6E0D1B688F4A00705480 /* Base */ = {isa = PBXFileReference; lastKnownFileType = file.xib; name = Base; path = Base.lproj/LaunchScreen.xib; sourceTree = "<group>"; };
		A8AD6E131B688F4A00705480 /* VisualRecallTests.xctest */ = {isa = PBXFileReference; explicitFileType = wrapper.cfbundle; includeInIndex = 0; path = VisualRecallTests.xctest; sourceTree = BUILT_PRODUCTS_DIR; };
		A8AD6E231B692AC200705480 /* AVFoundation.framework */ = {isa = PBXFileReference; lastKnownFileType = wrapper.framework; name = AVFoundation.framework; path = System/Library/Frameworks/AVFoundation.framework; sourceTree = SDKROOT; };
		A8AD6E251B6BC7B000705480 /* AbstractOCVViewController.h */ = {isa = PBXFileReference; fileEncoding = 4; lastKnownFileType = sourcecode.c.h; path = AbstractOCVViewController.h; sourceTree = "<group>"; };
		A8AD6E261B6BC7B000705480 /* AbstractOCVViewController.m */ = {isa = PBXFileReference; fileEncoding = 4; lastKnownFileType = sourcecode.c.objc; path = AbstractOCVViewController.m; sourceTree = "<group>"; };
		A8AD6E281B6BC84500705480 /* smile.xml */ = {isa = PBXFileReference; fileEncoding = 4; lastKnownFileType = text.xml; path = smile.xml; sourceTree = "<group>"; };
		A8AD6E2A1B6BC85800705480 /* OpenCVSample-Info.plist */ = {isa = PBXFileReference; fileEncoding = 4; lastKnownFileType = text.plist.xml; path = "OpenCVSample-Info.plist"; sourceTree = "<group>"; };
		A8AD6E2B1B6BC85800705480 /* OpenCVSample-Prefix.pch */ = {isa = PBXFileReference; fileEncoding = 4; lastKnownFileType = sourcecode.c.h; path = "OpenCVSample-Prefix.pch"; sourceTree = "<group>"; };
		A8AD6E2F1B6BCDA200705480 /* RMCharacter.bundle */ = {isa = PBXFileReference; lastKnownFileType = "wrapper.plug-in"; path = RMCharacter.bundle; sourceTree = "<group>"; };
		A8AD6E301B6BCDA300705480 /* RMCharacter.framework */ = {isa = PBXFileReference; lastKnownFileType = wrapper.framework; path = RMCharacter.framework; sourceTree = "<group>"; };
		A8AD6E311B6BCDA300705480 /* RMCore.framework */ = {isa = PBXFileReference; lastKnownFileType = wrapper.framework; path = RMCore.framework; sourceTree = "<group>"; };
		A8AD6E351B6BD5B300705480 /* CoreMotion.framework */ = {isa = PBXFileReference; lastKnownFileType = wrapper.framework; name = CoreMotion.framework; path = System/Library/Frameworks/CoreMotion.framework; sourceTree = SDKROOT; };
		A8AD6E371B6BD6E900705480 /* ExternalAccessory.framework */ = {isa = PBXFileReference; lastKnownFileType = wrapper.framework; name = ExternalAccessory.framework; path = System/Library/Frameworks/ExternalAccessory.framework; sourceTree = SDKROOT; };
		A8AD6E391B6BDBB300705480 /* opencv2.framework */ = {isa = PBXFileReference; lastKnownFileType = wrapper.framework; path = opencv2.framework; sourceTree = "<group>"; };
/* End PBXFileReference section */

/* Begin PBXFrameworksBuildPhase section */
		A8AD6DF71B688F4A00705480 /* Frameworks */ = {
			isa = PBXFrameworksBuildPhase;
			buildActionMask = 2147483647;
			files = (
				A8AD6B731B7103750063A167 /* SystemConfiguration.framework in Frameworks */,
				A8AD6B711B7102820063A167 /* Security.framework in Frameworks */,
				A8AD6B6F1B7102730063A167 /* CFNetwork.framework in Frameworks */,
				A8AD6B6E1B71026A0063A167 /* AudioToolbox.framework in Frameworks */,
				A8AD6E3A1B6BDBB300705480 /* opencv2.framework in Frameworks */,
				A8AD6E381B6BD6E900705480 /* ExternalAccessory.framework in Frameworks */,
				A8AD6E361B6BD5B300705480 /* CoreMotion.framework in Frameworks */,
				A8AD6E341B6BCDA300705480 /* RMCore.framework in Frameworks */,
				A8AD6B6A1B70EA2A0063A167 /* SpeechKit.framework in Frameworks */,
				A8AD6E241B692AC200705480 /* AVFoundation.framework in Frameworks */,
				A8AD6E331B6BCDA300705480 /* RMCharacter.framework in Frameworks */,
			);
			runOnlyForDeploymentPostprocessing = 0;
		};
		A8AD6E101B688F4A00705480 /* Frameworks */ = {
			isa = PBXFrameworksBuildPhase;
			buildActionMask = 2147483647;
			files = (
			);
			runOnlyForDeploymentPostprocessing = 0;
		};
/* End PBXFrameworksBuildPhase section */

/* Begin PBXGroup section */
		A8AD6B741B71053B0063A167 /* Resources */ = {
			isa = PBXGroup;
			children = (
				A82B73FF1B72B26800894121 /* apple-1.jpg */,
				A82B74001B72B26800894121 /* carrots.jpg */,
				A82B74011B72B26800894121 /* cheeries.jpg */,
				A82B74021B72B26800894121 /* orange.png */,
				A8AD6B751B71055C0063A167 /* earcon_cancel.wav */,
				A8AD6B761B71055C0063A167 /* earcon_done_listening.wav */,
				A8AD6B771B71055C0063A167 /* earcon_listening.wav */,
			);
			name = Resources;
			sourceTree = "<group>";
		};
		A8AD6DF11B688F4A00705480 = {
			isa = PBXGroup;
			children = (
				A8AD6B741B71053B0063A167 /* Resources */,
				A8AD6B721B7103750063A167 /* SystemConfiguration.framework */,
				A8AD6B701B7102820063A167 /* Security.framework */,
				A8AD6B6D1B71026A0063A167 /* AudioToolbox.framework */,
				A8AD6B6B1B71023E0063A167 /* CFNetwork.framework */,
				A8AD6B691B70EA2A0063A167 /* SpeechKit.framework */,
				A8AD6E391B6BDBB300705480 /* opencv2.framework */,
				A8AD6E371B6BD6E900705480 /* ExternalAccessory.framework */,
				A8AD6E351B6BD5B300705480 /* CoreMotion.framework */,
				A8AD6E2F1B6BCDA200705480 /* RMCharacter.bundle */,
				A8AD6E301B6BCDA300705480 /* RMCharacter.framework */,
				A8AD6E311B6BCDA300705480 /* RMCore.framework */,
				A8AD6E231B692AC200705480 /* AVFoundation.framework */,
				A8AD6DFC1B688F4A00705480 /* VisualRecall */,
				A8AD6DFB1B688F4A00705480 /* Products */,
			);
			sourceTree = "<group>";
		};
		A8AD6DFB1B688F4A00705480 /* Products */ = {
			isa = PBXGroup;
			children = (
				A8AD6DFA1B688F4A00705480 /* VisualRecall.app */,
				A8AD6E131B688F4A00705480 /* VisualRecallTests.xctest */,
			);
			name = Products;
			sourceTree = "<group>";
		};
		A8AD6DFC1B688F4A00705480 /* VisualRecall */ = {
			isa = PBXGroup;
			children = (
				A8AD6E251B6BC7B000705480 /* AbstractOCVViewController.h */,
				A8AD6E261B6BC7B000705480 /* AbstractOCVViewController.m */,
				A8AD6E011B688F4A00705480 /* AppDelegate.h */,
				A8AD6E021B688F4A00705480 /* AppDelegate.m */,
				A8AD6E041B688F4A00705480 /* ViewController.h */,
				A8AD6E051B688F4A00705480 /* ViewController.mm */,
				A8AD6E071B688F4A00705480 /* Main.storyboard */,
				A8AD6E0A1B688F4A00705480 /* Images.xcassets */,
				A8AD6E0C1B688F4A00705480 /* LaunchScreen.xib */,
				A8AD6DFD1B688F4A00705480 /* Supporting Files */,
			);
			path = VisualRecall;
			sourceTree = "<group>";
		};
		A8AD6DFD1B688F4A00705480 /* Supporting Files */ = {
			isa = PBXGroup;
			children = (
				A8AD6E281B6BC84500705480 /* smile.xml */,
				A8AD6E2A1B6BC85800705480 /* OpenCVSample-Info.plist */,
				A8AD6E2B1B6BC85800705480 /* OpenCVSample-Prefix.pch */,
				A8AD6DFE1B688F4A00705480 /* Info.plist */,
				A8AD6DFF1B688F4A00705480 /* main.m */,
			);
			name = "Supporting Files";
			sourceTree = "<group>";
		};
/* End PBXGroup section */

/* Begin PBXNativeTarget section */
		A8AD6DF91B688F4A00705480 /* VisualRecall */ = {
			isa = PBXNativeTarget;
			buildConfigurationList = A8AD6E1D1B688F4A00705480 /* Build configuration list for PBXNativeTarget "VisualRecall" */;
			buildPhases = (
				A8AD6DF61B688F4A00705480 /* Sources */,
				A8AD6DF71B688F4A00705480 /* Frameworks */,
				A8AD6DF81B688F4A00705480 /* Resources */,
			);
			buildRules = (
			);
			dependencies = (
			);
			name = VisualRecall;
			productName = StroopColorGame;
			productReference = A8AD6DFA1B688F4A00705480 /* VisualRecall.app */;
			productType = "com.apple.product-type.application";
		};
		A8AD6E121B688F4A00705480 /* VisualRecallTests */ = {
			isa = PBXNativeTarget;
			buildConfigurationList = A8AD6E201B688F4A00705480 /* Build configuration list for PBXNativeTarget "VisualRecallTests" */;
			buildPhases = (
				A8AD6E0F1B688F4A00705480 /* Sources */,
				A8AD6E101B688F4A00705480 /* Frameworks */,
				A8AD6E111B688F4A00705480 /* Resources */,
			);
			buildRules = (
			);
			dependencies = (
				A8AD6E151B688F4A00705480 /* PBXTargetDependency */,
			);
			name = VisualRecallTests;
			productName = StroopColorGameTests;
			productReference = A8AD6E131B688F4A00705480 /* VisualRecallTests.xctest */;
			productType = "com.apple.product-type.bundle.unit-test";
		};
/* End PBXNativeTarget section */

/* Begin PBXProject section */
		A8AD6DF21B688F4A00705480 /* Project object */ = {
			isa = PBXProject;
			attributes = {
				LastUpgradeCheck = 0610;
				ORGANIZATIONNAME = umkc;
				TargetAttributes = {
					A8AD6DF91B688F4A00705480 = {
						CreatedOnToolsVersion = 6.1;
						DevelopmentTeam = W8RFWHQM7B;
					};
					A8AD6E121B688F4A00705480 = {
						CreatedOnToolsVersion = 6.1;
					};
				};
			};
			buildConfigurationList = A8AD6DF51B688F4A00705480 /* Build configuration list for PBXProject "VisualRecall" */;
			compatibilityVersion = "Xcode 3.2";
			developmentRegion = English;
			hasScannedForEncodings = 0;
			knownRegions = (
				en,
				Base,
			);
			mainGroup = A8AD6DF11B688F4A00705480;
			productRefGroup = A8AD6DFB1B688F4A00705480 /* Products */;
			projectDirPath = "";
			projectRoot = "";
			targets = (
				A8AD6DF91B688F4A00705480 /* VisualRecall */,
				A8AD6E121B688F4A00705480 /* VisualRecallTests */,
			);
		};
/* End PBXProject section */

/* Begin PBXResourcesBuildPhase section */
		A8AD6DF81B688F4A00705480 /* Resources */ = {
			isa = PBXResourcesBuildPhase;
			buildActionMask = 2147483647;
			files = (
				A8AD6E091B688F4A00705480 /* Main.storyboard in Resources */,
				A8AD6E0E1B688F4A00705480 /* LaunchScreen.xib in Resources */,
				A82B74061B72B26800894121 /* orange.png in Resources */,
				A8AD6E291B6BC84500705480 /* smile.xml in Resources */,
				A8AD6E0B1B688F4A00705480 /* Images.xcassets in Resources */,
				A82B74031B72B26800894121 /* apple-1.jpg in Resources */,
				A82B74041B72B26800894121 /* carrots.jpg in Resources */,
				A8AD6B7A1B71055C0063A167 /* earcon_listening.wav in Resources */,
				A82B74051B72B26800894121 /* cheeries.jpg in Resources */,
				A8AD6B781B71055C0063A167 /* earcon_cancel.wav in Resources */,
				A8AD6E321B6BCDA300705480 /* RMCharacter.bundle in Resources */,
				A8AD6B791B71055C0063A167 /* earcon_done_listening.wav in Resources */,
				A8AD6E2C1B6BC85800705480 /* OpenCVSample-Info.plist in Resources */,
			);
			runOnlyForDeploymentPostprocessing = 0;
		};
		A8AD6E111B688F4A00705480 /* Resources */ = {
			isa = PBXResourcesBuildPhase;
			buildActionMask = 2147483647;
			files = (
			);
			runOnlyForDeploymentPostprocessing = 0;
		};
/* End PBXResourcesBuildPhase section */

/* Begin PBXSourcesBuildPhase section */
		A8AD6DF61B688F4A00705480 /* Sources */ = {
			isa = PBXSourcesBuildPhase;
			buildActionMask = 2147483647;
			files = (
				A8AD6E061B688F4A00705480 /* ViewController.mm in Sources */,
				A8AD6E271B6BC7B000705480 /* AbstractOCVViewController.m in Sources */,
				A8AD6E031B688F4A00705480 /* AppDelegate.m in Sources */,
				A8AD6E001B688F4A00705480 /* main.m in Sources */,
			);
			runOnlyForDeploymentPostprocessing = 0;
		};
		A8AD6E0F1B688F4A00705480 /* Sources */ = {
			isa = PBXSourcesBuildPhase;
			buildActionMask = 2147483647;
			files = (
			);
			runOnlyForDeploymentPostprocessing = 0;
		};
/* End PBXSourcesBuildPhase section */

/* Begin PBXTargetDependency section */
		A8AD6E151B688F4A00705480 /* PBXTargetDependency */ = {
			isa = PBXTargetDependency;
			target = A8AD6DF91B688F4A00705480 /* VisualRecall */;
			targetProxy = A8AD6E141B688F4A00705480 /* PBXContainerItemProxy */;
		};
/* End PBXTargetDependency section */

/* Begin PBXVariantGroup section */
		A8AD6E071B688F4A00705480 /* Main.storyboard */ = {
			isa = PBXVariantGroup;
			children = (
				A8AD6E081B688F4A00705480 /* Base */,
			);
			name = Main.storyboard;
			sourceTree = "<group>";
		};
		A8AD6E0C1B688F4A00705480 /* LaunchScreen.xib */ = {
			isa = PBXVariantGroup;
			children = (
				A8AD6E0D1B688F4A00705480 /* Base */,
			);
			name = LaunchScreen.xib;
			sourceTree = "<group>";
		};
/* End PBXVariantGroup section */

/* Begin XCBuildConfiguration section */
		A8AD6E1B1B688F4A00705480 /* Debug */ = {
			isa = XCBuildConfiguration;
			buildSettings = {
				ALWAYS_SEARCH_USER_PATHS = NO;
				CLANG_CXX_LANGUAGE_STANDARD = "gnu++0x";
				CLANG_CXX_LIBRARY = "libc++";
				CLANG_ENABLE_MODULES = YES;
				CLANG_ENABLE_OBJC_ARC = YES;
				CLANG_WARN_BOOL_CONVERSION = YES;
				CLANG_WARN_CONSTANT_CONVERSION = YES;
				CLANG_WARN_DIRECT_OBJC_ISA_USAGE = YES_ERROR;
				CLANG_WARN_EMPTY_BODY = YES;
				CLANG_WARN_ENUM_CONVERSION = YES;
				CLANG_WARN_INT_CONVERSION = YES;
				CLANG_WARN_OBJC_ROOT_CLASS = YES_ERROR;
				CLANG_WARN_UNREACHABLE_CODE = YES;
				CLANG_WARN__DUPLICATE_METHOD_MATCH = YES;
				"CODE_SIGN_IDENTITY[sdk=iphoneos*]" = "iPhone Developer";
				COPY_PHASE_STRIP = NO;
				ENABLE_STRICT_OBJC_MSGSEND = YES;
				GCC_C_LANGUAGE_STANDARD = gnu99;
				GCC_DYNAMIC_NO_PIC = NO;
				GCC_OPTIMIZATION_LEVEL = 0;
				GCC_PREPROCESSOR_DEFINITIONS = (
					"DEBUG=1",
					"$(inherited)",
				);
				GCC_SYMBOLS_PRIVATE_EXTERN = NO;
				GCC_WARN_64_TO_32_BIT_CONVERSION = YES;
				GCC_WARN_ABOUT_RETURN_TYPE = YES_ERROR;
				GCC_WARN_UNDECLARED_SELECTOR = YES;
				GCC_WARN_UNINITIALIZED_AUTOS = YES_AGGRESSIVE;
				GCC_WARN_UNUSED_FUNCTION = YES;
				GCC_WARN_UNUSED_VARIABLE = YES;
				IPHONEOS_DEPLOYMENT_TARGET = 8.1;
				MTL_ENABLE_DEBUG_INFO = YES;
				ONLY_ACTIVE_ARCH = YES;
				SDKROOT = iphoneos;
				TARGETED_DEVICE_FAMILY = "1,2";
			};
			name = Debug;
		};
		A8AD6E1C1B688F4A00705480 /* Release */ = {
			isa = XCBuildConfiguration;
			buildSettings = {
				ALWAYS_SEARCH_USER_PATHS = NO;
				CLANG_CXX_LANGUAGE_STANDARD = "gnu++0x";
				CLANG_CXX_LIBRARY = "libc++";
				CLANG_ENABLE_MODULES = YES;
				CLANG_ENABLE_OBJC_ARC = YES;
				CLANG_WARN_BOOL_CONVERSION = YES;
				CLANG_WARN_CONSTANT_CONVERSION = YES;
				CLANG_WARN_DIRECT_OBJC_ISA_USAGE = YES_ERROR;
				CLANG_WARN_EMPTY_BODY = YES;
				CLANG_WARN_ENUM_CONVERSION = YES;
				CLANG_WARN_INT_CONVERSION = YES;
				CLANG_WARN_OBJC_ROOT_CLASS = YES_ERROR;
				CLANG_WARN_UNREACHABLE_CODE = YES;
				CLANG_WARN__DUPLICATE_METHOD_MATCH = YES;
				"CODE_SIGN_IDENTITY[sdk=iphoneos*]" = "iPhone Developer";
				COPY_PHASE_STRIP = YES;
				ENABLE_NS_ASSERTIONS = NO;
				ENABLE_STRICT_OBJC_MSGSEND = YES;
				GCC_C_LANGUAGE_STANDARD = gnu99;
				GCC_WARN_64_TO_32_BIT_CONVERSION = YES;
				GCC_WARN_ABOUT_RETURN_TYPE = YES_ERROR;
				GCC_WARN_UNDECLARED_SELECTOR = YES;
				GCC_WARN_UNINITIALIZED_AUTOS = YES_AGGRESSIVE;
				GCC_WARN_UNUSED_FUNCTION = YES;
				GCC_WARN_UNUSED_VARIABLE = YES;
				IPHONEOS_DEPLOYMENT_TARGET = 8.1;
				MTL_ENABLE_DEBUG_INFO = NO;
				SDKROOT = iphoneos;
				TARGETED_DEVICE_FAMILY = "1,2";
				VALIDATE_PRODUCT = YES;
			};
			name = Release;
		};
		A8AD6E1E1B688F4A00705480 /* Debug */ = {
			isa = XCBuildConfiguration;
			buildSettings = {
				ASSETCATALOG_COMPILER_APPICON_NAME = AppIcon;
				CODE_SIGN_IDENTITY = "iPhone Developer";
				FRAMEWORK_SEARCH_PATHS = (
					"$(inherited)",
					"$(PROJECT_DIR)",
				);
				INFOPLIST_FILE = "$(SRCROOT)/VisualRecall/Info.plist";
				LD_RUNPATH_SEARCH_PATHS = "$(inherited) @executable_path/Frameworks";
				ONLY_ACTIVE_ARCH = NO;
				PRODUCT_NAME = VisualRecall;
				VALID_ARCHS = "armv7 armv7s";
			};
			name = Debug;
		};
		A8AD6E1F1B688F4A00705480 /* Release */ = {
			isa = XCBuildConfiguration;
			buildSettings = {
				ASSETCATALOG_COMPILER_APPICON_NAME = AppIcon;
				CODE_SIGN_IDENTITY = "iPhone Developer";
				FRAMEWORK_SEARCH_PATHS = (
					"$(inherited)",
					"$(PROJECT_DIR)",
				);
				INFOPLIST_FILE = "$(SRCROOT)/VisualRecall/Info.plist";
				LD_RUNPATH_SEARCH_PATHS = "$(inherited) @executable_path/Frameworks";
				PRODUCT_NAME = VisualRecall;
				VALID_ARCHS = "armv7 armv7s";
			};
			name = Release;
		};
		A8AD6E211B688F4A00705480 /* Debug */ = {
			isa = XCBuildConfiguration;
			buildSettings = {
				FRAMEWORK_SEARCH_PATHS = (
					"$(SDKROOT)/Developer/Library/Frameworks",
					"$(inherited)",
				);
				GCC_PREPROCESSOR_DEFINITIONS = (
					"DEBUG=1",
					"$(inherited)",
				);
				INFOPLIST_FILE = StroopColorGameTests/Info.plist;
				LD_RUNPATH_SEARCH_PATHS = "$(inherited) @executable_path/Frameworks @loader_path/Frameworks";
				PRODUCT_NAME = VisualRecallTests;
			};
			name = Debug;
		};
		A8AD6E221B688F4A00705480 /* Release */ = {
			isa = XCBuildConfiguration;
			buildSettings = {
				FRAMEWORK_SEARCH_PATHS = (
					"$(SDKROOT)/Developer/Library/Frameworks",
					"$(inherited)",
				);
				INFOPLIST_FILE = StroopColorGameTests/Info.plist;
				LD_RUNPATH_SEARCH_PATHS = "$(inherited) @executable_path/Frameworks @loader_path/Frameworks";
				PRODUCT_NAME = VisualRecallTests;
			};
			name = Release;
		};
/* End XCBuildConfiguration section */

/* Begin XCConfigurationList section */
		A8AD6DF51B688F4A00705480 /* Build configuration list for PBXProject "VisualRecall" */ = {
			isa = XCConfigurationList;
			buildConfigurations = (
				A8AD6E1B1B688F4A00705480 /* Debug */,
				A8AD6E1C1B688F4A00705480 /* Release */,
			);
			defaultConfigurationIsVisible = 0;
			defaultConfigurationName = Release;
		};
		A8AD6E1D1B688F4A00705480 /* Build configuration list for PBXNativeTarget "VisualRecall" */ = {
			isa = XCConfigurationList;
			buildConfigurations = (
				A8AD6E1E1B688F4A00705480 /* Debug */,
				A8AD6E1F1B688F4A00705480 /* Release */,
			);
			defaultConfigurationIsVisible = 0;
			defaultConfigurationName = Release;
		};
		A8AD6E201B688F4A00705480 /* Build configuration list for PBXNativeTarget "VisualRecallTests" */ = {
			isa = XCConfigurationList;
			buildConfigurations = (
				A8AD6E211B688F4A00705480 /* Debug */,
				A8AD6E221B688F4A00705480 /* Release */,
			);
			defaultConfigurationIsVisible = 0;
			defaultConfigurationName = Release;
		};
/* End XCConfigurationList section */
	};
	rootObject = A8AD6DF21B688F4A00705480 /* Project object */;
}
